schema: '2.0'
stages:
  download_dataset:
    cmd: python -m src.pipeline.download_dataset.donwloading_dataset --output-dir
      data/download_dataset
    deps:
    - path: src/pipeline/download_dataset
      hash: md5
      md5: 839d296093d391b04988a7fa414e5324.dir
      size: 512
      nfiles: 1
    outs:
    - path: data/download_dataset
      hash: md5
      md5: 8ac8599dfabe9271a63d8755358de93a.dir
      size: 148180
      nfiles: 1
  split_dataset:
    cmd: python -m src.pipeline.split_dataset.splitting_dataset --download-dataset-dir
      data/download_dataset --output-dir data/split_dataset
    deps:
    - path: data/download_dataset
      hash: md5
      md5: 8ac8599dfabe9271a63d8755358de93a.dir
      size: 148180
      nfiles: 1
    - path: src/pipeline/split_dataset
      hash: md5
      md5: c2fd469f9f5250686b8c42ce0fe35ca7.dir
      size: 761
      nfiles: 1
    params:
      params.py:
        SEED: 5
        TEST_RATIO: 0.4
    outs:
    - path: data/split_dataset
      hash: md5
      md5: 786cb2572ed73089f418cebb9ca282b6.dir
      size: 180294
      nfiles: 2
  train_model:
    cmd: python -m src.pipeline.train_model.training_model --split-dataset-dir data/split_dataset
      --output-dir data/train_model
    deps:
    - path: data/split_dataset
      hash: md5
      md5: 786cb2572ed73089f418cebb9ca282b6.dir
      size: 180294
      nfiles: 2
    - path: src/pipeline/train_model
      hash: md5
      md5: f256301afa0cad88d8c8338280e40b8b.dir
      size: 2597
      nfiles: 2
    params:
      params.py:
        TrainModelParams:
          HIDDEN_LAYER_SIZE: 100
          N_HIDDEN_LAYERS: 3
    outs:
    - path: data/train_model
      hash: md5
      md5: a9782aa3d093067283262abdb14c4b09.dir
      size: 1140164
      nfiles: 6
  evaluate_model:
    cmd: python -m src.pipeline.evaluate_model.evaluating_model --train-model-dir
      data/train_model --split-dataset-dir data/split_dataset --output-dir data/evaluate_model
    deps:
    - path: data/split_dataset
      hash: md5
      md5: 786cb2572ed73089f418cebb9ca282b6.dir
      size: 180294
      nfiles: 2
    - path: data/train_model
      hash: md5
      md5: a9782aa3d093067283262abdb14c4b09.dir
      size: 1140164
      nfiles: 6
    - path: src/pipeline/evaluate_model
      hash: md5
      md5: c254155b407d42668e668d10841b4e2e.dir
      size: 4274
      nfiles: 4
    outs:
    - path: data/evaluate_model
      hash: md5
      md5: 63ca77f4be6ad4d4c1efe9c113647741.dir
      size: 79008
      nfiles: 1
    - path: metrics/metrics.json
      hash: md5
      md5: c47a2250bd899499aee61dea363c5f1c
      size: 299
